
Microsoft Visual Studio Solution File, Format Version 12.00
# Visual Studio Version 17
VisualStudioVersion = 17.0.31903.59
MinimumVisualStudioVersion = 10.0.40219.1
Project("{2150E333-8FDC-42A3-9474-1A3956D46DE8}") = "src", "src", "{1A647B41-53D0-4638-AE5A-6630BAAE45FC}"
EndProject
Project("{9A19103F-16F7-4668-BE54-9A1E7A4F7556}") = "TemporalioSamples.ActivityWorker", "src\ActivityWorker\TemporalioSamples.ActivityWorker.csproj", "{7AECC7C6-9A21-4B8A-84D9-AFC4F5840CAF}"
EndProject
Project("{9A19103F-16F7-4668-BE54-9A1E7A4F7556}") = "TemporalioSamples.Tests", "tests\TemporalioSamples.Tests.csproj", "{3FA7E5DF-03B7-4586-A980-85C155B376C5}"
EndProject
Project("{2150E333-8FDC-42A3-9474-1A3956D46DE8}") = "AspNet", "AspNet", "{E431D279-E02B-4670-B934-3DB9F15D8CCC}"
EndProject
Project("{9A19103F-16F7-4668-BE54-9A1E7A4F7556}") = "TemporalioSamples.AspNet.Web", "src\AspNet\Web\TemporalioSamples.AspNet.Web.csproj", "{31EC2647-6A5A-42D1-B7B5-02804B340726}"
EndProject
Project("{9A19103F-16F7-4668-BE54-9A1E7A4F7556}") = "TemporalioSamples.AspNet.Worker", "src\AspNet\Worker\TemporalioSamples.AspNet.Worker.csproj", "{AFFA4143-DC28-4FBE-A33B-D6414F541EA4}"
EndProject
Project("{9A19103F-16F7-4668-BE54-9A1E7A4F7556}") = "TemporalioSamples.ActivitySimple", "src\ActivitySimple\TemporalioSamples.ActivitySimple.csproj", "{7608AFB5-CFD1-427F-81FE-81C7EFE8AFBE}"
EndProject
Project("{2150E333-8FDC-42A3-9474-1A3956D46DE8}") = "Encryption", "Encryption", "{2E1FF71C-0BE3-478E-9984-C6896A11DD3A}"
EndProject
Project("{9A19103F-16F7-4668-BE54-9A1E7A4F7556}") = "TemporalioSamples.Encryption.Codec", "src\Encryption\Codec\TemporalioSamples.Encryption.Codec.csproj", "{F25A0BB4-6FF5-4187-932B-5189987C4B4A}"
EndProject
Project("{9A19103F-16F7-4668-BE54-9A1E7A4F7556}") = "TemporalioSamples.Encryption.Starter", "src\Encryption\Starter\TemporalioSamples.Encryption.Starter.csproj", "{DD8A2E0D-7644-4B95-91BE-A652CF85BACF}"
EndProject
Project("{9A19103F-16F7-4668-BE54-9A1E7A4F7556}") = "TemporalioSamples.Encryption.Worker", "src\Encryption\Worker\TemporalioSamples.Encryption.Worker.csproj", "{6B50F9F9-9C17-475D-A34A-6F317558C446}"
EndProject
Project("{9A19103F-16F7-4668-BE54-9A1E7A4F7556}") = "TemporalioSamples.Encryption.CodecServer", "src\Encryption\CodecServer\TemporalioSamples.Encryption.CodecServer.csproj", "{8905D1CD-F136-41CA-810F-F15FB5204384}"
EndProject
Project("{9A19103F-16F7-4668-BE54-9A1E7A4F7556}") = "TemporalioSamples.ClientMtls", "src\ClientMtls\TemporalioSamples.ClientMtls.csproj", "{D2A3546F-2462-4B86-8B5E-999505483A2D}"
EndProject
Project("{9A19103F-16F7-4668-BE54-9A1E7A4F7556}") = "TemporalioSamples.WorkerSpecificTaskQueues", "src\WorkerSpecificTaskQueues\TemporalioSamples.WorkerSpecificTaskQueues.csproj", "{974CCD5E-0254-4C85-9618-8CD014A2734F}"
EndProject
Project("{9A19103F-16F7-4668-BE54-9A1E7A4F7556}") = "TemporalioSamples.Schedules", "src\Schedules\TemporalioSamples.Schedules.csproj", "{297A58BE-3959-4525-A329-222B3575139D}"
EndProject
Project("{9A19103F-16F7-4668-BE54-9A1E7A4F7556}") = "TemporalioSamples.ActivityHeartbeatingCancellation", "src\ActivityHeartbeatingCancellation\TemporalioSamples.ActivityHeartbeatingCancellation.csproj", "{CD0D6B7E-2076-4771-AF5B-E1EFB82A44B3}"
EndProject
Project("{9A19103F-16F7-4668-BE54-9A1E7A4F7556}") = "TemporalioSamples.Polling.Frequent", "src\Polling\Frequent\TemporalioSamples.Polling.Frequent.csproj", "{6935B8AC-160F-463D-BE03-AD6FF31585A3}"
EndProject
Project("{2150E333-8FDC-42A3-9474-1A3956D46DE8}") = "Polling", "Polling", "{AE21E7F4-B114-4761-81B1-8FA63E9F6BB8}"
EndProject
Project("{9A19103F-16F7-4668-BE54-9A1E7A4F7556}") = "TemporalioSamples.Polling.Infrequent", "src\Polling\Infrequent\TemporalioSamples.Polling.Infrequent.csproj", "{DD2DE0CF-C127-461B-B4F1-D4E13BDD3B5D}"
EndProject
Project("{9A19103F-16F7-4668-BE54-9A1E7A4F7556}") = "TemporalioSamples.Polling.PeriodicSequence", "src\Polling\PeriodicSequence\TemporalioSamples.Polling.PeriodicSequence.csproj", "{11A5854B-EE6E-4752-9C46-F466503D853B}"
EndProject
Project("{9A19103F-16F7-4668-BE54-9A1E7A4F7556}") = "TemporalioSamples.DependencyInjection", "src\DependencyInjection\TemporalioSamples.DependencyInjection.csproj", "{10E6F7C9-7F6C-4A8E-94A1-99C10F46BBA4}"
EndProject
Project("{9A19103F-16F7-4668-BE54-9A1E7A4F7556}") = "TemporalioSamples.WorkerVersioning", "src\WorkerVersioning\TemporalioSamples.WorkerVersioning.csproj", "{CA3FD1BC-C918-4B15-96F6-D6DDA125E63C}"
EndProject
Project("{9A19103F-16F7-4668-BE54-9A1E7A4F7556}") = "TemporalioSamples.Mutex", "src\Mutex\TemporalioSamples.Mutex.csproj", "{3168FB2D-D821-433A-A761-309E0474DE48}"
EndProject
Project("{9A19103F-16F7-4668-BE54-9A1E7A4F7556}") = "TemporalioSamples.Saga", "src\Saga\TemporalioSamples.Saga.csproj", "{B79F07F7-3429-4C58-84C3-08587F748B2D}"
EndProject
Project("{9A19103F-16F7-4668-BE54-9A1E7A4F7556}") = "TemporalioSamples.WorkflowUpdate", "src\WorkflowUpdate\TemporalioSamples.WorkflowUpdate.csproj", "{B3DB7B8C-7BD3-4A53-A809-AB6279B1A630}"
EndProject
Project("{9A19103F-16F7-4668-BE54-9A1E7A4F7556}") = "TemporalioSamples.ContextPropagation", "src\ContextPropagation\TemporalioSamples.ContextPropagation.csproj", "{7B797D20-485F-441D-8E71-AF7E315FA9CF}"
EndProject
Project("{FAE04EC0-301F-11D3-BF4B-00C04F79EFBC}") = "TemporalioSamples.OpenTelemetry.DotNetMetrics", "src\OpenTelemetry\DotNetMetrics\TemporalioSamples.OpenTelemetry.DotNetMetrics.csproj", "{6E32CC8F-7008-42A5-96A7-F182B9A6DC03}"
EndProject
Project("{FAE04EC0-301F-11D3-BF4B-00C04F79EFBC}") = "TemporalioSamples.OpenTelemetry.CoreSdkForwarding", "src\OpenTelemetry\CoreSdkForwarding\TemporalioSamples.OpenTelemetry.CoreSdkForwarding.csproj", "{785AA9A8-C440-4A62-B778-FD52423A6EDF}"
EndProject
Project("{FAE04EC0-301F-11D3-BF4B-00C04F79EFBC}") = "TemporalioSamples.SafeMessageHandlers", "src\SafeMessageHandlers\TemporalioSamples.SafeMessageHandlers.csproj", "{FAF5984A-5B1C-4686-B056-A4F2AC0E8EB7}"
EndProject
Project("{FAE04EC0-301F-11D3-BF4B-00C04F79EFBC}") = "TemporalioSamples.CounterInterceptor", "src\CounterInterceptor\TemporalioSamples.CounterInterceptor.csproj", "{F9C44936-8BF9-4919-BB66-8F1888E22AEB}"
EndProject
Project("{FAE04EC0-301F-11D3-BF4B-00C04F79EFBC}") = "TemporalioSamples.Patching", "src\Patching\TemporalioSamples.Patching.csproj", "{751E0AF8-62EE-4220-A571-D1C53DD0D45A}"
EndProject
Project("{FAE04EC0-301F-11D3-BF4B-00C04F79EFBC}") = "TemporalioSamples.SignalsQueries", "src\SignalsQueries\TemporalioSamples.SignalsQueries.csproj", "{4EA37A92-E4D5-4348-AF2F-0CAE37A1E079}"
EndProject
Project("{2150E333-8FDC-42A3-9474-1A3956D46DE8}") = "Bedrock", "Bedrock", "{5339989C-3791-4D75-A9F1-42620C443D4A}"
EndProject
Project("{FAE04EC0-301F-11D3-BF4B-00C04F79EFBC}") = "TemporalioSamples.Bedrock.Basic", "src\Bedrock\Basic\TemporalioSamples.Bedrock.Basic.csproj", "{CC3487CB-F795-4CA9-A4F6-28C145AE383B}"
EndProject
Project("{FAE04EC0-301F-11D3-BF4B-00C04F79EFBC}") = "TemporalioSamples.Bedrock.SignalsAndQueries", "src\Bedrock\SignalsAndQueries\TemporalioSamples.Bedrock.SignalsAndQueries.csproj", "{4E69DE72-E972-4155-B4D1-ABFE0B054ECF}"
EndProject
Project("{FAE04EC0-301F-11D3-BF4B-00C04F79EFBC}") = "TemporalioSamples.Bedrock.Entity", "src\Bedrock\Entity\TemporalioSamples.Bedrock.Entity.csproj", "{AE18875F-B7D2-4A3C-8784-15B76277D508}"
EndProject
Global
	GlobalSection(SolutionConfigurationPlatforms) = preSolution
		Debug|Any CPU = Debug|Any CPU
		Release|Any CPU = Release|Any CPU
	EndGlobalSection
	GlobalSection(ProjectConfigurationPlatforms) = postSolution
		{7AECC7C6-9A21-4B8A-84D9-AFC4F5840CAF}.Debug|Any CPU.ActiveCfg = Debug|Any CPU
		{7AECC7C6-9A21-4B8A-84D9-AFC4F5840CAF}.Debug|Any CPU.Build.0 = Debug|Any CPU
		{7AECC7C6-9A21-4B8A-84D9-AFC4F5840CAF}.Release|Any CPU.ActiveCfg = Release|Any CPU
		{7AECC7C6-9A21-4B8A-84D9-AFC4F5840CAF}.Release|Any CPU.Build.0 = Release|Any CPU
		{3FA7E5DF-03B7-4586-A980-85C155B376C5}.Debug|Any CPU.ActiveCfg = Debug|Any CPU
		{3FA7E5DF-03B7-4586-A980-85C155B376C5}.Debug|Any CPU.Build.0 = Debug|Any CPU
		{3FA7E5DF-03B7-4586-A980-85C155B376C5}.Release|Any CPU.ActiveCfg = Release|Any CPU
		{3FA7E5DF-03B7-4586-A980-85C155B376C5}.Release|Any CPU.Build.0 = Release|Any CPU
		{31EC2647-6A5A-42D1-B7B5-02804B340726}.Debug|Any CPU.ActiveCfg = Debug|Any CPU
		{31EC2647-6A5A-42D1-B7B5-02804B340726}.Debug|Any CPU.Build.0 = Debug|Any CPU
		{31EC2647-6A5A-42D1-B7B5-02804B340726}.Release|Any CPU.ActiveCfg = Release|Any CPU
		{31EC2647-6A5A-42D1-B7B5-02804B340726}.Release|Any CPU.Build.0 = Release|Any CPU
		{AFFA4143-DC28-4FBE-A33B-D6414F541EA4}.Debug|Any CPU.ActiveCfg = Debug|Any CPU
		{AFFA4143-DC28-4FBE-A33B-D6414F541EA4}.Debug|Any CPU.Build.0 = Debug|Any CPU
		{AFFA4143-DC28-4FBE-A33B-D6414F541EA4}.Release|Any CPU.ActiveCfg = Release|Any CPU
		{AFFA4143-DC28-4FBE-A33B-D6414F541EA4}.Release|Any CPU.Build.0 = Release|Any CPU
		{7608AFB5-CFD1-427F-81FE-81C7EFE8AFBE}.Debug|Any CPU.ActiveCfg = Debug|Any CPU
		{7608AFB5-CFD1-427F-81FE-81C7EFE8AFBE}.Debug|Any CPU.Build.0 = Debug|Any CPU
		{7608AFB5-CFD1-427F-81FE-81C7EFE8AFBE}.Release|Any CPU.ActiveCfg = Release|Any CPU
		{7608AFB5-CFD1-427F-81FE-81C7EFE8AFBE}.Release|Any CPU.Build.0 = Release|Any CPU
		{F25A0BB4-6FF5-4187-932B-5189987C4B4A}.Debug|Any CPU.ActiveCfg = Debug|Any CPU
		{F25A0BB4-6FF5-4187-932B-5189987C4B4A}.Debug|Any CPU.Build.0 = Debug|Any CPU
		{F25A0BB4-6FF5-4187-932B-5189987C4B4A}.Release|Any CPU.ActiveCfg = Release|Any CPU
		{F25A0BB4-6FF5-4187-932B-5189987C4B4A}.Release|Any CPU.Build.0 = Release|Any CPU
		{DD8A2E0D-7644-4B95-91BE-A652CF85BACF}.Debug|Any CPU.ActiveCfg = Debug|Any CPU
		{DD8A2E0D-7644-4B95-91BE-A652CF85BACF}.Debug|Any CPU.Build.0 = Debug|Any CPU
		{DD8A2E0D-7644-4B95-91BE-A652CF85BACF}.Release|Any CPU.ActiveCfg = Release|Any CPU
		{DD8A2E0D-7644-4B95-91BE-A652CF85BACF}.Release|Any CPU.Build.0 = Release|Any CPU
		{6B50F9F9-9C17-475D-A34A-6F317558C446}.Debug|Any CPU.ActiveCfg = Debug|Any CPU
		{6B50F9F9-9C17-475D-A34A-6F317558C446}.Debug|Any CPU.Build.0 = Debug|Any CPU
		{6B50F9F9-9C17-475D-A34A-6F317558C446}.Release|Any CPU.ActiveCfg = Release|Any CPU
		{6B50F9F9-9C17-475D-A34A-6F317558C446}.Release|Any CPU.Build.0 = Release|Any CPU
		{8905D1CD-F136-41CA-810F-F15FB5204384}.Debug|Any CPU.ActiveCfg = Debug|Any CPU
		{8905D1CD-F136-41CA-810F-F15FB5204384}.Debug|Any CPU.Build.0 = Debug|Any CPU
		{8905D1CD-F136-41CA-810F-F15FB5204384}.Release|Any CPU.ActiveCfg = Release|Any CPU
		{8905D1CD-F136-41CA-810F-F15FB5204384}.Release|Any CPU.Build.0 = Release|Any CPU
		{D2A3546F-2462-4B86-8B5E-999505483A2D}.Debug|Any CPU.ActiveCfg = Debug|Any CPU
		{D2A3546F-2462-4B86-8B5E-999505483A2D}.Debug|Any CPU.Build.0 = Debug|Any CPU
		{D2A3546F-2462-4B86-8B5E-999505483A2D}.Release|Any CPU.ActiveCfg = Release|Any CPU
		{D2A3546F-2462-4B86-8B5E-999505483A2D}.Release|Any CPU.Build.0 = Release|Any CPU
		{974CCD5E-0254-4C85-9618-8CD014A2734F}.Debug|Any CPU.ActiveCfg = Debug|Any CPU
		{974CCD5E-0254-4C85-9618-8CD014A2734F}.Debug|Any CPU.Build.0 = Debug|Any CPU
		{974CCD5E-0254-4C85-9618-8CD014A2734F}.Release|Any CPU.ActiveCfg = Release|Any CPU
		{974CCD5E-0254-4C85-9618-8CD014A2734F}.Release|Any CPU.Build.0 = Release|Any CPU
		{297A58BE-3959-4525-A329-222B3575139D}.Debug|Any CPU.ActiveCfg = Debug|Any CPU
		{297A58BE-3959-4525-A329-222B3575139D}.Debug|Any CPU.Build.0 = Debug|Any CPU
		{297A58BE-3959-4525-A329-222B3575139D}.Release|Any CPU.ActiveCfg = Release|Any CPU
		{297A58BE-3959-4525-A329-222B3575139D}.Release|Any CPU.Build.0 = Release|Any CPU
		{CD0D6B7E-2076-4771-AF5B-E1EFB82A44B3}.Debug|Any CPU.ActiveCfg = Debug|Any CPU
		{CD0D6B7E-2076-4771-AF5B-E1EFB82A44B3}.Debug|Any CPU.Build.0 = Debug|Any CPU
		{CD0D6B7E-2076-4771-AF5B-E1EFB82A44B3}.Release|Any CPU.ActiveCfg = Release|Any CPU
		{CD0D6B7E-2076-4771-AF5B-E1EFB82A44B3}.Release|Any CPU.Build.0 = Release|Any CPU
		{6935B8AC-160F-463D-BE03-AD6FF31585A3}.Debug|Any CPU.ActiveCfg = Debug|Any CPU
		{6935B8AC-160F-463D-BE03-AD6FF31585A3}.Debug|Any CPU.Build.0 = Debug|Any CPU
		{6935B8AC-160F-463D-BE03-AD6FF31585A3}.Release|Any CPU.ActiveCfg = Release|Any CPU
		{6935B8AC-160F-463D-BE03-AD6FF31585A3}.Release|Any CPU.Build.0 = Release|Any CPU
		{DD2DE0CF-C127-461B-B4F1-D4E13BDD3B5D}.Debug|Any CPU.ActiveCfg = Debug|Any CPU
		{DD2DE0CF-C127-461B-B4F1-D4E13BDD3B5D}.Debug|Any CPU.Build.0 = Debug|Any CPU
		{DD2DE0CF-C127-461B-B4F1-D4E13BDD3B5D}.Release|Any CPU.ActiveCfg = Release|Any CPU
		{DD2DE0CF-C127-461B-B4F1-D4E13BDD3B5D}.Release|Any CPU.Build.0 = Release|Any CPU
		{11A5854B-EE6E-4752-9C46-F466503D853B}.Debug|Any CPU.ActiveCfg = Debug|Any CPU
		{11A5854B-EE6E-4752-9C46-F466503D853B}.Debug|Any CPU.Build.0 = Debug|Any CPU
		{11A5854B-EE6E-4752-9C46-F466503D853B}.Release|Any CPU.ActiveCfg = Release|Any CPU
		{11A5854B-EE6E-4752-9C46-F466503D853B}.Release|Any CPU.Build.0 = Release|Any CPU
		{10E6F7C9-7F6C-4A8E-94A1-99C10F46BBA4}.Debug|Any CPU.ActiveCfg = Debug|Any CPU
		{10E6F7C9-7F6C-4A8E-94A1-99C10F46BBA4}.Debug|Any CPU.Build.0 = Debug|Any CPU
		{10E6F7C9-7F6C-4A8E-94A1-99C10F46BBA4}.Release|Any CPU.ActiveCfg = Release|Any CPU
		{10E6F7C9-7F6C-4A8E-94A1-99C10F46BBA4}.Release|Any CPU.Build.0 = Release|Any CPU
		{CA3FD1BC-C918-4B15-96F6-D6DDA125E63C}.Debug|Any CPU.ActiveCfg = Debug|Any CPU
		{CA3FD1BC-C918-4B15-96F6-D6DDA125E63C}.Debug|Any CPU.Build.0 = Debug|Any CPU
		{CA3FD1BC-C918-4B15-96F6-D6DDA125E63C}.Release|Any CPU.ActiveCfg = Release|Any CPU
		{CA3FD1BC-C918-4B15-96F6-D6DDA125E63C}.Release|Any CPU.Build.0 = Release|Any CPU
		{3168FB2D-D821-433A-A761-309E0474DE48}.Debug|Any CPU.ActiveCfg = Debug|Any CPU
		{3168FB2D-D821-433A-A761-309E0474DE48}.Debug|Any CPU.Build.0 = Debug|Any CPU
		{3168FB2D-D821-433A-A761-309E0474DE48}.Release|Any CPU.ActiveCfg = Release|Any CPU
		{3168FB2D-D821-433A-A761-309E0474DE48}.Release|Any CPU.Build.0 = Release|Any CPU
		{B79F07F7-3429-4C58-84C3-08587F748B2D}.Debug|Any CPU.ActiveCfg = Debug|Any CPU
		{B79F07F7-3429-4C58-84C3-08587F748B2D}.Debug|Any CPU.Build.0 = Debug|Any CPU
		{B79F07F7-3429-4C58-84C3-08587F748B2D}.Release|Any CPU.ActiveCfg = Release|Any CPU
		{B79F07F7-3429-4C58-84C3-08587F748B2D}.Release|Any CPU.Build.0 = Release|Any CPU
		{B3DB7B8C-7BD3-4A53-A809-AB6279B1A630}.Debug|Any CPU.ActiveCfg = Debug|Any CPU
		{B3DB7B8C-7BD3-4A53-A809-AB6279B1A630}.Debug|Any CPU.Build.0 = Debug|Any CPU
		{B3DB7B8C-7BD3-4A53-A809-AB6279B1A630}.Release|Any CPU.ActiveCfg = Release|Any CPU
		{B3DB7B8C-7BD3-4A53-A809-AB6279B1A630}.Release|Any CPU.Build.0 = Release|Any CPU
		{7B797D20-485F-441D-8E71-AF7E315FA9CF}.Debug|Any CPU.ActiveCfg = Debug|Any CPU
		{7B797D20-485F-441D-8E71-AF7E315FA9CF}.Debug|Any CPU.Build.0 = Debug|Any CPU
		{7B797D20-485F-441D-8E71-AF7E315FA9CF}.Release|Any CPU.ActiveCfg = Release|Any CPU
		{7B797D20-485F-441D-8E71-AF7E315FA9CF}.Release|Any CPU.Build.0 = Release|Any CPU
		{CDFAD7B0-FC43-4ECD-9E36-1023322294C9}.Debug|Any CPU.ActiveCfg = Debug|Any CPU
		{CDFAD7B0-FC43-4ECD-9E36-1023322294C9}.Debug|Any CPU.Build.0 = Debug|Any CPU
		{CDFAD7B0-FC43-4ECD-9E36-1023322294C9}.Release|Any CPU.ActiveCfg = Release|Any CPU
		{CDFAD7B0-FC43-4ECD-9E36-1023322294C9}.Release|Any CPU.Build.0 = Release|Any CPU
		{6E32CC8F-7008-42A5-96A7-F182B9A6DC03}.Debug|Any CPU.ActiveCfg = Debug|Any CPU
		{6E32CC8F-7008-42A5-96A7-F182B9A6DC03}.Debug|Any CPU.Build.0 = Debug|Any CPU
		{6E32CC8F-7008-42A5-96A7-F182B9A6DC03}.Release|Any CPU.ActiveCfg = Release|Any CPU
		{6E32CC8F-7008-42A5-96A7-F182B9A6DC03}.Release|Any CPU.Build.0 = Release|Any CPU
		{785AA9A8-C440-4A62-B778-FD52423A6EDF}.Debug|Any CPU.ActiveCfg = Debug|Any CPU
		{785AA9A8-C440-4A62-B778-FD52423A6EDF}.Debug|Any CPU.Build.0 = Debug|Any CPU
		{785AA9A8-C440-4A62-B778-FD52423A6EDF}.Release|Any CPU.ActiveCfg = Release|Any CPU
		{785AA9A8-C440-4A62-B778-FD52423A6EDF}.Release|Any CPU.Build.0 = Release|Any CPU
		{FAF5984A-5B1C-4686-B056-A4F2AC0E8EB7}.Debug|Any CPU.ActiveCfg = Debug|Any CPU
		{FAF5984A-5B1C-4686-B056-A4F2AC0E8EB7}.Debug|Any CPU.Build.0 = Debug|Any CPU
		{FAF5984A-5B1C-4686-B056-A4F2AC0E8EB7}.Release|Any CPU.ActiveCfg = Release|Any CPU
		{FAF5984A-5B1C-4686-B056-A4F2AC0E8EB7}.Release|Any CPU.Build.0 = Release|Any CPU
		{F9C44936-8BF9-4919-BB66-8F1888E22AEB}.Debug|Any CPU.ActiveCfg = Debug|Any CPU
		{F9C44936-8BF9-4919-BB66-8F1888E22AEB}.Debug|Any CPU.Build.0 = Debug|Any CPU
		{F9C44936-8BF9-4919-BB66-8F1888E22AEB}.Release|Any CPU.ActiveCfg = Release|Any CPU
		{F9C44936-8BF9-4919-BB66-8F1888E22AEB}.Release|Any CPU.Build.0 = Release|Any CPU
		{751E0AF8-62EE-4220-A571-D1C53DD0D45A}.Debug|Any CPU.ActiveCfg = Debug|Any CPU
		{751E0AF8-62EE-4220-A571-D1C53DD0D45A}.Debug|Any CPU.Build.0 = Debug|Any CPU
		{751E0AF8-62EE-4220-A571-D1C53DD0D45A}.Release|Any CPU.ActiveCfg = Release|Any CPU
		{751E0AF8-62EE-4220-A571-D1C53DD0D45A}.Release|Any CPU.Build.0 = Release|Any CPU
		{4EA37A92-E4D5-4348-AF2F-0CAE37A1E079}.Debug|Any CPU.ActiveCfg = Debug|Any CPU
		{4EA37A92-E4D5-4348-AF2F-0CAE37A1E079}.Debug|Any CPU.Build.0 = Debug|Any CPU
		{4EA37A92-E4D5-4348-AF2F-0CAE37A1E079}.Release|Any CPU.ActiveCfg = Release|Any CPU
		{4EA37A92-E4D5-4348-AF2F-0CAE37A1E079}.Release|Any CPU.Build.0 = Release|Any CPU
		{CC3487CB-F795-4CA9-A4F6-28C145AE383B}.Debug|Any CPU.ActiveCfg = Debug|Any CPU
		{CC3487CB-F795-4CA9-A4F6-28C145AE383B}.Debug|Any CPU.Build.0 = Debug|Any CPU
		{CC3487CB-F795-4CA9-A4F6-28C145AE383B}.Release|Any CPU.ActiveCfg = Release|Any CPU
		{CC3487CB-F795-4CA9-A4F6-28C145AE383B}.Release|Any CPU.Build.0 = Release|Any CPU
		{4E69DE72-E972-4155-B4D1-ABFE0B054ECF}.Debug|Any CPU.ActiveCfg = Debug|Any CPU
		{4E69DE72-E972-4155-B4D1-ABFE0B054ECF}.Debug|Any CPU.Build.0 = Debug|Any CPU
		{4E69DE72-E972-4155-B4D1-ABFE0B054ECF}.Release|Any CPU.ActiveCfg = Release|Any CPU
		{4E69DE72-E972-4155-B4D1-ABFE0B054ECF}.Release|Any CPU.Build.0 = Release|Any CPU
		{AE18875F-B7D2-4A3C-8784-15B76277D508}.Debug|Any CPU.ActiveCfg = Debug|Any CPU
		{AE18875F-B7D2-4A3C-8784-15B76277D508}.Debug|Any CPU.Build.0 = Debug|Any CPU
		{AE18875F-B7D2-4A3C-8784-15B76277D508}.Release|Any CPU.ActiveCfg = Release|Any CPU
		{AE18875F-B7D2-4A3C-8784-15B76277D508}.Release|Any CPU.Build.0 = Release|Any CPU
	EndGlobalSection
	GlobalSection(SolutionProperties) = preSolution
		HideSolutionNode = FALSE
	EndGlobalSection
	GlobalSection(NestedProjects) = preSolution
		{7AECC7C6-9A21-4B8A-84D9-AFC4F5840CAF} = {1A647B41-53D0-4638-AE5A-6630BAAE45FC}
		{E431D279-E02B-4670-B934-3DB9F15D8CCC} = {1A647B41-53D0-4638-AE5A-6630BAAE45FC}
		{31EC2647-6A5A-42D1-B7B5-02804B340726} = {E431D279-E02B-4670-B934-3DB9F15D8CCC}
		{AFFA4143-DC28-4FBE-A33B-D6414F541EA4} = {E431D279-E02B-4670-B934-3DB9F15D8CCC}
		{7608AFB5-CFD1-427F-81FE-81C7EFE8AFBE} = {1A647B41-53D0-4638-AE5A-6630BAAE45FC}
		{2E1FF71C-0BE3-478E-9984-C6896A11DD3A} = {1A647B41-53D0-4638-AE5A-6630BAAE45FC}
		{F25A0BB4-6FF5-4187-932B-5189987C4B4A} = {2E1FF71C-0BE3-478E-9984-C6896A11DD3A}
		{DD8A2E0D-7644-4B95-91BE-A652CF85BACF} = {2E1FF71C-0BE3-478E-9984-C6896A11DD3A}
		{6B50F9F9-9C17-475D-A34A-6F317558C446} = {2E1FF71C-0BE3-478E-9984-C6896A11DD3A}
		{8905D1CD-F136-41CA-810F-F15FB5204384} = {2E1FF71C-0BE3-478E-9984-C6896A11DD3A}
		{D2A3546F-2462-4B86-8B5E-999505483A2D} = {1A647B41-53D0-4638-AE5A-6630BAAE45FC}
		{974CCD5E-0254-4C85-9618-8CD014A2734F} = {1A647B41-53D0-4638-AE5A-6630BAAE45FC}
		{297A58BE-3959-4525-A329-222B3575139D} = {1A647B41-53D0-4638-AE5A-6630BAAE45FC}
		{CD0D6B7E-2076-4771-AF5B-E1EFB82A44B3} = {1A647B41-53D0-4638-AE5A-6630BAAE45FC}
		{6935B8AC-160F-463D-BE03-AD6FF31585A3} = {AE21E7F4-B114-4761-81B1-8FA63E9F6BB8}
		{AE21E7F4-B114-4761-81B1-8FA63E9F6BB8} = {1A647B41-53D0-4638-AE5A-6630BAAE45FC}
		{DD2DE0CF-C127-461B-B4F1-D4E13BDD3B5D} = {AE21E7F4-B114-4761-81B1-8FA63E9F6BB8}
		{11A5854B-EE6E-4752-9C46-F466503D853B} = {AE21E7F4-B114-4761-81B1-8FA63E9F6BB8}
		{10E6F7C9-7F6C-4A8E-94A1-99C10F46BBA4} = {1A647B41-53D0-4638-AE5A-6630BAAE45FC}
		{CA3FD1BC-C918-4B15-96F6-D6DDA125E63C} = {1A647B41-53D0-4638-AE5A-6630BAAE45FC}
		{3168FB2D-D821-433A-A761-309E0474DE48} = {1A647B41-53D0-4638-AE5A-6630BAAE45FC}
		{B79F07F7-3429-4C58-84C3-08587F748B2D} = {1A647B41-53D0-4638-AE5A-6630BAAE45FC}
		{B3DB7B8C-7BD3-4A53-A809-AB6279B1A630} = {1A647B41-53D0-4638-AE5A-6630BAAE45FC}
		{7B797D20-485F-441D-8E71-AF7E315FA9CF} = {1A647B41-53D0-4638-AE5A-6630BAAE45FC}
		{FAF5984A-5B1C-4686-B056-A4F2AC0E8EB7} = {1A647B41-53D0-4638-AE5A-6630BAAE45FC}
		{F9C44936-8BF9-4919-BB66-8F1888E22AEB} = {1A647B41-53D0-4638-AE5A-6630BAAE45FC}
		{751E0AF8-62EE-4220-A571-D1C53DD0D45A} = {1A647B41-53D0-4638-AE5A-6630BAAE45FC}
		{4EA37A92-E4D5-4348-AF2F-0CAE37A1E079} = {1A647B41-53D0-4638-AE5A-6630BAAE45FC}
		{5339989C-3791-4D75-A9F1-42620C443D4A} = {1A647B41-53D0-4638-AE5A-6630BAAE45FC}		
		{CC3487CB-F795-4CA9-A4F6-28C145AE383B} = {5339989C-3791-4D75-A9F1-42620C443D4A}
		{4E69DE72-E972-4155-B4D1-ABFE0B054ECF} = {5339989C-3791-4D75-A9F1-42620C443D4A}
		{AE18875F-B7D2-4A3C-8784-15B76277D508} = {5339989C-3791-4D75-A9F1-42620C443D4A}
	EndGlobalSection
EndGlobal
